{
  "pins" : [
    {
      "identity" : "ios-branch-sdk-spm",
      "kind" : "remoteSourceControl",
      "location" : "https://github.com/BranchMetrics/ios-branch-sdk-spm",
      "state" : {
        "revision" : "7fbe3085821c8e60241a2037098c6eed76fd2798",
        "version" : "2.2.0"
      }
    }
  ],
  "version" : 2
}
